<?xml version="1.0" encoding="utf-8"?>
<Project ToolsVersion="4.0" xmlns="http://schemas.microsoft.com/developer/msbuild/2003">
  <ItemGroup>
    <ClInclude Include="src\Core\App.h" />
    <ClInclude Include="src\Core\Window.h" />
    <ClInclude Include="src\Renderer\Renderer.h" />
    <ClInclude Include="src\Renderer\Shader.h" />
    <ClInclude Include="src\pch.h" />
    <ClInclude Include="src\Renderer\PipelineController.h" />
    <ClInclude Include="src\SandBox.h" />
    <ClInclude Include="src\Renderer\Dx11Core.h" />
    <ClInclude Include="src\Renderer\InputLayout.h" />
    <ClInclude Include="vendor\stb_image\stb_image.h" />
    <ClInclude Include="src\Renderer\CBuffer.h" />
    <ClInclude Include="src\File\FileCommon.h" />
    <ClInclude Include="src\Renderer\ModelBuffer.h" />
    <ClInclude Include="src\Model\Model.h" />
    <ClInclude Include="src\Model\3D\Skeleton.h" />
    <ClInclude Include="src\Model\3D\SkeletalAnimation.h" />
    <ClInclude Include="src\Common\Camera.h" />
    <ClInclude Include="src\Model\2D\Sprite.h" />
    <ClInclude Include="src\Model\2D\SpriteAnimation.h" />
    <ClInclude Include="src\Common\Transform.h" />
    <ClInclude Include="src\Renderer\Texture.h" />
    <ClInclude Include="src\Model\3D\ModelBuilder.h" />
    <ClInclude Include="src\File\FbxLoader.h" />
  </ItemGroup>
  <ItemGroup>
    <ClCompile Include="src\Core\App.cpp" />
    <ClCompile Include="src\Core\Window.cpp" />
    <ClCompile Include="src\main.cpp" />
    <ClCompile Include="src\pch.cpp" />
    <ClCompile Include="src\Renderer\Renderer.cpp" />
    <ClCompile Include="src\Renderer\PipelineController.cpp" />
    <ClCompile Include="src\SandBox.cpp" />
    <ClCompile Include="src\Renderer\Dx11Core.cpp" />
    <ClCompile Include="src\Renderer\Shader.cpp" />
    <ClCompile Include="src\Renderer\InputLayout.cpp" />
    <ClCompile Include="vendor\stb_image\stb_image.cpp" />
    <ClCompile Include="src\Renderer\CBuffer.cpp" />
    <ClCompile Include="src\File\FileCommon.cpp" />
    <ClCompile Include="src\Renderer\ModelBuffer.cpp" />
    <ClCompile Include="src\Model\Model.cpp" />
    <ClCompile Include="src\Model\3D\SkeletalAnimation.cpp" />
    <ClCompile Include="src\Model\3D\Skeleton.cpp" />
    <ClCompile Include="src\Common\Camera.cpp" />
    <ClCompile Include="src\Model\2D\Sprite.cpp" />
    <ClCompile Include="src\Model\2D\SpriteAnimation.cpp" />
    <ClCompile Include="src\Common\Transform.cpp" />
    <ClCompile Include="src\Renderer\Texture.cpp" />
    <ClCompile Include="src\Model\3D\Modelbuilder.cpp" />
    <ClCompile Include="src\File\FbxLoader.cpp" />
  </ItemGroup>
</Project>